// !$*UTF8*$!
{
	archiveVersion = 1;
	classes = {
	};
	objectVersion = 55;
	objects = {

/* Begin PBXBuildFile section */
		21E5AD5529C4E17D004E71CA /* AppDelegate.swift in Sources */ = {isa = PBXBuildFile; fileRef = 21E5AD5429C4E17D004E71CA /* AppDelegate.swift */; };
		21E5AD5729C4E17D004E71CA /* SceneDelegate.swift in Sources */ = {isa = PBXBuildFile; fileRef = 21E5AD5629C4E17D004E71CA /* SceneDelegate.swift */; };
		21E5AD5929C4E17D004E71CA /* ViewController.swift in Sources */ = {isa = PBXBuildFile; fileRef = 21E5AD5829C4E17D004E71CA /* ViewController.swift */; };
		21E5AD5C29C4E17D004E71CA /* Main.storyboard in Resources */ = {isa = PBXBuildFile; fileRef = 21E5AD5A29C4E17D004E71CA /* Main.storyboard */; };
		21E5AD5E29C4E17E004E71CA /* Assets.xcassets in Resources */ = {isa = PBXBuildFile; fileRef = 21E5AD5D29C4E17E004E71CA /* Assets.xcassets */; };
		21E5AD6129C4E17E004E71CA /* LaunchScreen.storyboard in Resources */ = {isa = PBXBuildFile; fileRef = 21E5AD5F29C4E17E004E71CA /* LaunchScreen.storyboard */; };
		21E5AD6929C4E190004E71CA /* Model.swift in Sources */ = {isa = PBXBuildFile; fileRef = 21E5AD6829C4E190004E71CA /* Model.swift */; };
		21E5AD6B29C4E28B004E71CA /* NetworkingManager.swift in Sources */ = {isa = PBXBuildFile; fileRef = 21E5AD6A29C4E28B004E71CA /* NetworkingManager.swift */; };
		21E5AD6D29C4F25C004E71CA /* noCourse.png in Resources */ = {isa = PBXBuildFile; fileRef = 21E5AD6C29C4F25C004E71CA /* noCourse.png */; };
/* End PBXBuildFile section */

/* Begin PBXFileReference section */
		21E5AD5129C4E17D004E71CA /* Week9_Project.app */ = {isa = PBXFileReference; explicitFileType = wrapper.application; includeInIndex = 0; path = Week9_Project.app; sourceTree = BUILT_PRODUCTS_DIR; };
		21E5AD5429C4E17D004E71CA /* AppDelegate.swift */ = {isa = PBXFileReference; lastKnownFileType = sourcecode.swift; path = AppDelegate.swift; sourceTree = "<group>"; };
		21E5AD5629C4E17D004E71CA /* SceneDelegate.swift */ = {isa = PBXFileReference; lastKnownFileType = sourcecode.swift; path = SceneDelegate.swift; sourceTree = "<group>"; };
		21E5AD5829C4E17D004E71CA /* ViewController.swift */ = {isa = PBXFileReference; lastKnownFileType = sourcecode.swift; path = ViewController.swift; sourceTree = "<group>"; };
		21E5AD5B29C4E17D004E71CA /* Base */ = {isa = PBXFileReference; lastKnownFileType = file.storyboard; name = Base; path = Base.lproj/Main.storyboard; sourceTree = "<group>"; };
		21E5AD5D29C4E17E004E71CA /* Assets.xcassets */ = {isa = PBXFileReference; lastKnownFileType = folder.assetcatalog; path = Assets.xcassets; sourceTree = "<group>"; };
		21E5AD6029C4E17E004E71CA /* Base */ = {isa = PBXFileReference; lastKnownFileType = file.storyboard; name = Base; path = Base.lproj/LaunchScreen.storyboard; sourceTree = "<group>"; };
		21E5AD6229C4E17E004E71CA /* Info.plist */ = {isa = PBXFileReference; lastKnownFileType = text.plist.xml; path = Info.plist; sourceTree = "<group>"; };
		21E5AD6829C4E190004E71CA /* Model.swift */ = {isa = PBXFileReference; lastKnownFileType = sourcecode.swift; path = Model.swift; sourceTree = "<group>"; };
		21E5AD6A29C4E28B004E71CA /* NetworkingManager.swift */ = {isa = PBXFileReference; lastKnownFileType = sourcecode.swift; path = NetworkingManager.swift; sourceTree = "<group>"; };
		21E5AD6C29C4F25C004E71CA /* noCourse.png */ = {isa = PBXFileReference; lastKnownFileType = image.png; path = noCourse.png; sourceTree = "<group>"; };
/* End PBXFileReference section */

/* Begin PBXFrameworksBuildPhase section */
		21E5AD4E29C4E17D004E71CA /* Frameworks */ = {
			isa = PBXFrameworksBuildPhase;
			buildActionMask = 2147483647;
			files = (
			);
			runOnlyForDeploymentPostprocessing = 0;
		};
/* End PBXFrameworksBuildPhase section */

/* Begin PBXGroup section */
		21E5AD4829C4E17D004E71CA = {
			isa = PBXGroup;
			children = (
				21E5AD5329C4E17D004E71CA /* Week9_Project */,
				21E5AD5229C4E17D004E71CA /* Products */,
			);
			sourceTree = "<group>";
		};
		21E5AD5229C4E17D004E71CA /* Products */ = {
			isa = PBXGroup;
			children = (
				21E5AD5129C4E17D004E71CA /* Week9_Project.app */,
			);
			name = Products;
			sourceTree = "<group>";
		};
		21E5AD5329C4E17D004E71CA /* Week9_Project */ = {
			isa = PBXGroup;
			children = (
				21E5AD5429C4E17D004E71CA /* AppDelegate.swift */,
				21E5AD5629C4E17D004E71CA /* SceneDelegate.swift */,
				21E5AD5829C4E17D004E71CA /* ViewController.swift */,
				21E5AD5A29C4E17D004E71CA /* Main.storyboard */,
				21E5AD6C29C4F25C004E71CA /* noCourse.png */,
				21E5AD5D29C4E17E004E71CA /* Assets.xcassets */,
				21E5AD5F29C4E17E004E71CA /* LaunchScreen.storyboard */,
				21E5AD6229C4E17E004E71CA /* Info.plist */,
				21E5AD6829C4E190004E71CA /* Model.swift */,
				21E5AD6A29C4E28B004E71CA /* NetworkingManager.swift */,
			);
			path = Week9_Project;
			sourceTree = "<group>";
		};
/* End PBXGroup section */

/* Begin PBXNativeTarget section */
		21E5AD5029C4E17D004E71CA /* Week9_Project */ = {
			isa = PBXNativeTarget;
			buildConfigurationList = 21E5AD6529C4E17E004E71CA /* Build configuration list for PBXNativeTarget "Week9_Project" */;
			buildPhases = (
				21E5AD4D29C4E17D004E71CA /* Sources */,
				21E5AD4E29C4E17D004E71CA /* Frameworks */,
				21E5AD4F29C4E17D004E71CA /* Resources */,
			);
			buildRules = (
			);
			dependencies = (
			);
			name = Week9_Project;
			productName = Week9_Project;
			productReference = 21E5AD5129C4E17D004E71CA /* Week9_Project.app */;
			productType = "com.apple.product-type.application";
		};
/* End PBXNativeTarget section */

/* Begin PBXProject section */
		21E5AD4929C4E17D004E71CA /* Project object */ = {
			isa = PBXProject;
			attributes = {
				BuildIndependentTargetsInParallel = 1;
				LastSwiftUpdateCheck = 1330;
				LastUpgradeCheck = 1330;
				TargetAttributes = {
					21E5AD5029C4E17D004E71CA = {
						CreatedOnToolsVersion = 13.3.1;
					};
				};
			};
			buildConfigurationList = 21E5AD4C29C4E17D004E71CA /* Build configuration list for PBXProject "Week9_Project" */;
			compatibilityVersion = "Xcode 13.0";
			developmentRegion = en;
			hasScannedForEncodings = 0;
			knownRegions = (
				en,
				Base,
			);
			mainGroup = 21E5AD4829C4E17D004E71CA;
			productRefGroup = 21E5AD5229C4E17D004E71CA /* Products */;
			projectDirPath = "";
			projectRoot = "";
			targets = (
				21E5AD5029C4E17D004E71CA /* Week9_Project */,
			);
		};
/* End PBXProject section */

/* Begin PBXResourcesBuildPhase section */
		21E5AD4F29C4E17D004E71CA /* Resources */ = {
			isa = PBXResourcesBuildPhase;
			buildActionMask = 2147483647;
			files = (
				21E5AD6129C4E17E004E71CA /* LaunchScreen.storyboard in Resources */,
				21E5AD6D29C4F25C004E71CA /* noCourse.png in Resources */,
				21E5AD5E29C4E17E004E71CA /* Assets.xcassets in Resources */,
				21E5AD5C29C4E17D004E71CA /* Main.storyboard in Resources */,
			);
			runOnlyForDeploymentPostprocessing = 0;
		};
/* End PBXResourcesBuildPhase section */

/* Begin PBXSourcesBuildPhase section */
		21E5AD4D29C4E17D004E71CA /* Sources */ = {
			isa = PBXSourcesBuildPhase;
			buildActionMask = 2147483647;
			files = (
				21E5AD5929C4E17D004E71CA /* ViewController.swift in Sources */,
				21E5AD5529C4E17D004E71CA /* AppDelegate.swift in Sources */,
				21E5AD5729C4E17D004E71CA /* SceneDelegate.swift in Sources */,
				21E5AD6B29C4E28B004E71CA /* NetworkingManager.swift in Sources */,
				21E5AD6929C4E190004E71CA /* Model.swift in Sources */,
			);
			runOnlyForDeploymentPostprocessing = 0;
		};
/* End PBXSourcesBuildPhase section */

/* Begin PBXVariantGroup section */
		21E5AD5A29C4E17D004E71CA /* Main.storyboard */ = {
			isa = PBXVariantGroup;
			children = (
				21E5AD5B29C4E17D004E71CA /* Base */,
			);
			name = Main.storyboard;
			sourceTree = "<group>";
		};
		21E5AD5F29C4E17E004E71CA /* LaunchScreen.storyboard */ = {
			isa = PBXVariantGroup;
			children = (
				21E5AD6029C4E17E004E71CA /* Base */,
			);
			name = LaunchScreen.storyboard;
			sourceTree = "<group>";
		};
/* End PBXVariantGroup section */

/* Begin XCBuildConfiguration section */
		21E5AD6329C4E17E004E71CA /* Debug */ = {
			isa = XCBuildConfiguration;
			buildSettings = {
				ALWAYS_SEARCH_USER_PATHS = NO;
				CLANG_ANALYZER_NONNULL = YES;
				CLANG_ANALYZER_NUMBER_OBJECT_CONVERSION = YES_AGGRESSIVE;
				CLANG_CXX_LANGUAGE_STANDARD = "gnu++17";
				CLANG_ENABLE_MODULES = YES;
				CLANG_ENABLE_OBJC_ARC = YES;
				CLANG_ENABLE_OBJC_WEAK = YES;
				CLANG_WARN_BLOCK_CAPTURE_AUTORELEASING = YES;
				CLANG_WARN_BOOL_CONVERSION = YES;
				CLANG_WARN_COMMA = YES;
				CLANG_WARN_CONSTANT_CONVERSION = YES;
				CLANG_WARN_DEPRECATED_OBJC_IMPLEMENTATIONS = YES;
				CLANG_WARN_DIRECT_OBJC_ISA_USAGE = YES_ERROR;
				CLANG_WARN_DOCUMENTATION_COMMENTS = YES;
				CLANG_WARN_EMPTY_BODY = YES;
				CLANG_WARN_ENUM_CONVERSION = YES;
				CLANG_WARN_INFINITE_RECURSION = YES;
				CLANG_WARN_INT_CONVERSION = YES;
				CLANG_WARN_NON_LITERAL_NULL_CONVERSION = YES;
				CLANG_WARN_OBJC_IMPLICIT_RETAIN_SELF = YES;
				CLANG_WARN_OBJC_LITERAL_CONVERSION = YES;
				CLANG_WARN_OBJC_ROOT_CLASS = YES_ERROR;
				CLANG_WARN_QUOTED_INCLUDE_IN_FRAMEWORK_HEADER = YES;
				CLANG_WARN_RANGE_LOOP_ANALYSIS = YES;
				CLANG_WARN_STRICT_PROTOTYPES = YES;
				CLANG_WARN_SUSPICIOUS_MOVE = YES;
				CLANG_WARN_UNGUARDED_AVAILABILITY = YES_AGGRESSIVE;
				CLANG_WARN_UNREACHABLE_CODE = YES;
				CLANG_WARN__DUPLICATE_METHOD_MATCH = YES;
				COPY_PHASE_STRIP = NO;
				DEBUG_INFORMATION_FORMAT = dwarf;
				ENABLE_STRICT_OBJC_MSGSEND = YES;
				ENABLE_TESTABILITY = YES;
				GCC_C_LANGUAGE_STANDARD = gnu11;
				GCC_DYNAMIC_NO_PIC = NO;
				GCC_NO_COMMON_BLOCKS = YES;
				GCC_OPTIMIZATION_LEVEL = 0;
				GCC_PREPROCESSOR_DEFINITIONS = (
					"DEBUG=1",
					"$(inherited)",
				);
				GCC_WARN_64_TO_32_BIT_CONVERSION = YES;
				GCC_WARN_ABOUT_RETURN_TYPE = YES_ERROR;
				GCC_WARN_UNDECLARED_SELECTOR = YES;
				GCC_WARN_UNINITIALIZED_AUTOS = YES_AGGRESSIVE;
				GCC_WARN_UNUSED_FUNCTION = YES;
				GCC_WARN_UNUSED_VARIABLE = YES;
				IPHONEOS_DEPLOYMENT_TARGET = 15.4;
				MTL_ENABLE_DEBUG_INFO = INCLUDE_SOURCE;
				MTL_FAST_MATH = YES;
				ONLY_ACTIVE_ARCH = YES;
				SDKROOT = iphoneos;
				SWIFT_ACTIVE_COMPILATION_CONDITIONS = DEBUG;
				SWIFT_OPTIMIZATION_LEVEL = "-Onone";
			};
			name = Debug;
		};
		21E5AD6429C4E17E004E71CA /* Release */ = {
			isa = XCBuildConfiguration;
			buildSettings = {
				ALWAYS_SEARCH_USER_PATHS = NO;
				CLANG_ANALYZER_NONNULL = YES;
				CLANG_ANALYZER_NUMBER_OBJECT_CONVERSION = YES_AGGRESSIVE;
				CLANG_CXX_LANGUAGE_STANDARD = "gnu++17";
				CLANG_ENABLE_MODULES = YES;
				CLANG_ENABLE_OBJC_ARC = YES;
				CLANG_ENABLE_OBJC_WEAK = YES;
				CLANG_WARN_BLOCK_CAPTURE_AUTORELEASING = YES;
				CLANG_WARN_BOOL_CONVERSION = YES;
				CLANG_WARN_COMMA = YES;
				CLANG_WARN_CONSTANT_CONVERSION = YES;
				CLANG_WARN_DEPRECATED_OBJC_IMPLEMENTATIONS = YES;
				CLANG_WARN_DIRECT_OBJC_ISA_USAGE = YES_ERROR;
				CLANG_WARN_DOCUMENTATION_COMMENTS = YES;
				CLANG_WARN_EMPTY_BODY = YES;
				CLANG_WARN_ENUM_CONVERSION = YES;
				CLANG_WARN_INFINITE_RECURSION = YES;
				CLANG_WARN_INT_CONVERSION = YES;
				CLANG_WARN_NON_LITERAL_NULL_CONVERSION = YES;
				CLANG_WARN_OBJC_IMPLICIT_RETAIN_SELF = YES;
				CLANG_WARN_OBJC_LITERAL_CONVERSION = YES;
				CLANG_WARN_OBJC_ROOT_CLASS = YES_ERROR;
				CLANG_WARN_QUOTED_INCLUDE_IN_FRAMEWORK_HEADER = YES;
				CLANG_WARN_RANGE_LOOP_ANALYSIS = YES;
				CLANG_WARN_STRICT_PROTOTYPES = YES;
				CLANG_WARN_SUSPICIOUS_MOVE = YES;
				CLANG_WARN_UNGUARDED_AVAILABILITY = YES_AGGRESSIVE;
				CLANG_WARN_UNREACHABLE_CODE = YES;
				CLANG_WARN__DUPLICATE_METHOD_MATCH = YES;
				COPY_PHASE_STRIP = NO;
				DEBUG_INFORMATION_FORMAT = "dwarf-with-dsym";
				ENABLE_NS_ASSERTIONS = NO;
				ENABLE_STRICT_OBJC_MSGSEND = YES;
				GCC_C_LANGUAGE_STANDARD = gnu11;
				GCC_NO_COMMON_BLOCKS = YES;
				GCC_WARN_64_TO_32_BIT_CONVERSION = YES;
				GCC_WARN_ABOUT_RETURN_TYPE = YES_ERROR;
				GCC_WARN_UNDECLARED_SELECTOR = YES;
				GCC_WARN_UNINITIALIZED_AUTOS = YES_AGGRESSIVE;
				GCC_WARN_UNUSED_FUNCTION = YES;
				GCC_WARN_UNUSED_VARIABLE = YES;
				IPHONEOS_DEPLOYMENT_TARGET = 15.4;
				MTL_ENABLE_DEBUG_INFO = NO;
				MTL_FAST_MATH = YES;
				SDKROOT = iphoneos;
				SWIFT_COMPILATION_MODE = wholemodule;
				SWIFT_OPTIMIZATION_LEVEL = "-O";
				VALIDATE_PRODUCT = YES;
			};
			name = Release;
		};
		21E5AD6629C4E17E004E71CA /* Debug */ = {
			isa = XCBuildConfiguration;
			buildSettings = {
				ASSETCATALOG_COMPILER_APPICON_NAME = AppIcon;
				ASSETCATALOG_COMPILER_GLOBAL_ACCENT_COLOR_NAME = AccentColor;
				CODE_SIGN_STYLE = Automatic;
				CURRENT_PROJECT_VERSION = 1;
				GENERATE_INFOPLIST_FILE = YES;
				INFOPLIST_FILE = Week9_Project/Info.plist;
				INFOPLIST_KEY_UIApplicationSupportsIndirectInputEvents = YES;
				INFOPLIST_KEY_UILaunchStoryboardName = LaunchScreen;
				INFOPLIST_KEY_UIMainStoryboardFile = Main;
				INFOPLIST_KEY_UISupportedInterfaceOrientations_iPad = "UIInterfaceOrientationPortrait UIInterfaceOrientationPortraitUpsideDown UIInterfaceOrientationLandscapeLeft UIInterfaceOrientationLandscapeRight";
				INFOPLIST_KEY_UISupportedInterfaceOrientations_iPhone = "UIInterfaceOrientationPortrait UIInterfaceOrientationLandscapeLeft UIInterfaceOrientationLandscapeRight";
				LD_RUNPATH_SEARCH_PATHS = (
					"$(inherited)",
					"@executable_path/Frameworks",
				);
				MARKETING_VERSION = 1.0;
				PRODUCT_BUNDLE_IDENTIFIER = "ca.humber.Week9-Project";
				PRODUCT_NAME = "$(TARGET_NAME)";
				SWIFT_EMIT_LOC_STRINGS = YES;
				SWIFT_VERSION = 5.0;
				TARGETED_DEVICE_FAMILY = "1,2";
			};
			name = Debug;
		};
		21E5AD6729C4E17E004E71CA /* Release */ = {
			isa = XCBuildConfiguration;
			buildSettings = {
				ASSETCATALOG_COMPILER_APPICON_NAME = AppIcon;
				ASSETCATALOG_COMPILER_GLOBAL_ACCENT_COLOR_NAME = AccentColor;
				CODE_SIGN_STYLE = Automatic;
				CURRENT_PROJECT_VERSION = 1;
				GENERATE_INFOPLIST_FILE = YES;
				INFOPLIST_FILE = Week9_Project/Info.plist;
				INFOPLIST_KEY_UIApplicationSupportsIndirectInputEvents = YES;
				INFOPLIST_KEY_UILaunchStoryboardName = LaunchScreen;
				INFOPLIST_KEY_UIMainStoryboardFile = Main;
				INFOPLIST_KEY_UISupportedInterfaceOrientations_iPad = "UIInterfaceOrientationPortrait UIInterfaceOrientationPortraitUpsideDown UIInterfaceOrientationLandscapeLeft UIInterfaceOrientationLandscapeRight";
				INFOPLIST_KEY_UISupportedInterfaceOrientations_iPhone = "UIInterfaceOrientationPortrait UIInterfaceOrientationLandscapeLeft UIInterfaceOrientationLandscapeRight";
				LD_RUNPATH_SEARCH_PATHS = (
					"$(inherited)",
					"@executable_path/Frameworks",
				);
				MARKETING_VERSION = 1.0;
				PRODUCT_BUNDLE_IDENTIFIER = "ca.humber.Week9-Project";
				PRODUCT_NAME = "$(TARGET_NAME)";
				SWIFT_EMIT_LOC_STRINGS = YES;
				SWIFT_VERSION = 5.0;
				TARGETED_DEVICE_FAMILY = "1,2";
			};
			name = Release;
		};
/* End XCBuildConfiguration section */

/* Begin XCConfigurationList section */
		21E5AD4C29C4E17D004E71CA /* Build configuration list for PBXProject "Week9_Project" */ = {
			isa = XCConfigurationList;
			buildConfigurations = (
				21E5AD6329C4E17E004E71CA /* Debug */,
				21E5AD6429C4E17E004E71CA /* Release */,
			);
			defaultConfigurationIsVisible = 0;
			defaultConfigurationName = Release;
		};
		21E5AD6529C4E17E004E71CA /* Build configuration list for PBXNativeTarget "Week9_Project" */ = {
			isa = XCConfigurationList;
			buildConfigurations = (
				21E5AD6629C4E17E004E71CA /* Debug */,
				21E5AD6729C4E17E004E71CA /* Release */,
			);
			defaultConfigurationIsVisible = 0;
			defaultConfigurationName = Release;
		};
/* End XCConfigurationList section */
	};
	rootObject = 21E5AD4929C4E17D004E71CA /* Project object */;
}
